
Microsoft Visual Studio Solution File, Format Version 12.00
# Visual Studio Version 17
VisualStudioVersion = 17.2.32516.85
MinimumVisualStudioVersion = 10.0.40219.1
Project("{FAE04EC0-301F-11D3-BF4B-00C04F79EFBC}") = "Quan_Ly_Thu_Vien", "Quan_Ly_Thu_Vien\Quan_Ly_Thu_Vien.csproj", "{0D88736B-1A14-4A46-B93C-CC7EB782B7B6}"
EndProject
Global
	GlobalSection(SolutionConfigurationPlatforms) = preSolution
		Debug|Any CPU = Debug|Any CPU
		Release|Any CPU = Release|Any CPU
	EndGlobalSection
	GlobalSection(ProjectConfigurationPlatforms) = postSolution
		{0D88736B-1A14-4A46-B93C-CC7EB782B7B6}.Debug|Any CPU.ActiveCfg = Debug|Any CPU
		{0D88736B-1A14-4A46-B93C-CC7EB782B7B6}.Debug|Any CPU.Build.0 = Debug|Any CPU
		{0D88736B-1A14-4A46-B93C-CC7EB782B7B6}.Release|Any CPU.ActiveCfg = Release|Any CPU
		{0D88736B-1A14-4A46-B93C-CC7EB782B7B6}.Release|Any CPU.Build.0 = Release|Any CPU
	EndGlobalSection
	GlobalSection(SolutionProperties) = preSolution
		HideSolutionNode = FALSE
	EndGlobalSection
	GlobalSection(ExtensibilityGlobals) = postSolution
		SolutionGuid = {1DFA66AA-EDFA-409E-BC9D-05C991D708D9}
	EndGlobalSection
EndGlobal
